<?xml version="1.0" encoding="utf-8"?>
<Project ToolsVersion="4.0" xmlns="http://schemas.microsoft.com/developer/msbuild/2003">
  <ItemGroup>
    <ClCompile Include="above_average.cpp" />
    <ClCompile Include="big_clock.cpp" />
    <ClCompile Include="box_brick.cpp" />
    <ClCompile Include="dfact.cpp" />
    <ClCompile Include="dfact2.cpp" />
    <ClCompile Include="distinct.cpp" />
    <ClCompile Include="distinct2.cpp" />
    <ClCompile Include="dup(open).cpp" />
    <ClCompile Include="dwarf.cpp" />
    <ClCompile Include="jumsu.cpp" />
    <ClCompile Include="ms.cpp" />
    <ClCompile Include="ms2.cpp" />
    <ClCompile Include="penta(open).cpp" />
    <ClCompile Include="pir.cpp" />
    <ClCompile Include="rprint.cpp" />
    <ClCompile Include="white.cpp" />
    <ClCompile Include="소스.cpp" />
    <ClCompile Include="hay.cpp" />
    <ClCompile Include="rsq.cpp" />
    <ClCompile Include="eratosthenes.cpp" />
    <ClCompile Include="ma.cpp" />
    <ClCompile Include="pmin.cpp" />
  </ItemGroup>
</Project>