
Microsoft Visual Studio Solution File, Format Version 12.00
# Visual Studio Version 17
VisualStudioVersion = 17.2.32616.157
MinimumVisualStudioVersion = 10.0.40219.1
Project("{8BC9CEB8-8B4A-11D0-8D11-00A0C91BC942}") = "동적계획법", "동적계획법.vcxproj", "{BEBA2233-A3C3-4AAD-B204-5D2CB870890A}"
EndProject
Global
	GlobalSection(SolutionConfigurationPlatforms) = preSolution
		Debug|x64 = Debug|x64
		Debug|x86 = Debug|x86
		Release|x64 = Release|x64
		Release|x86 = Release|x86
	EndGlobalSection
	GlobalSection(ProjectConfigurationPlatforms) = postSolution
		{BEBA2233-A3C3-4AAD-B204-5D2CB870890A}.Debug|x64.ActiveCfg = Debug|x64
		{BEBA2233-A3C3-4AAD-B204-5D2CB870890A}.Debug|x64.Build.0 = Debug|x64
		{BEBA2233-A3C3-4AAD-B204-5D2CB870890A}.Debug|x86.ActiveCfg = Debug|Win32
		{BEBA2233-A3C3-4AAD-B204-5D2CB870890A}.Debug|x86.Build.0 = Debug|Win32
		{BEBA2233-A3C3-4AAD-B204-5D2CB870890A}.Release|x64.ActiveCfg = Release|x64
		{BEBA2233-A3C3-4AAD-B204-5D2CB870890A}.Release|x64.Build.0 = Release|x64
		{BEBA2233-A3C3-4AAD-B204-5D2CB870890A}.Release|x86.ActiveCfg = Release|Win32
		{BEBA2233-A3C3-4AAD-B204-5D2CB870890A}.Release|x86.Build.0 = Release|Win32
	EndGlobalSection
	GlobalSection(SolutionProperties) = preSolution
		HideSolutionNode = FALSE
	EndGlobalSection
	GlobalSection(ExtensibilityGlobals) = postSolution
		SolutionGuid = {6D556DEB-3E20-4DE7-8A89-AE17FE7A0339}
	EndGlobalSection
EndGlobal
